
Microsoft Visual Studio Solution File, Format Version 12.00
# Visual Studio Version 17
VisualStudioVersion = 17.8.34330.188
MinimumVisualStudioVersion = 10.0.40219.1
Project("{8BC9CEB8-8B4A-11D0-8D11-00A0C91BC942}") = "Assignment4", "Assignment4.vcxproj", "{A1A31FBB-1742-4AD4-98AD-D40E5D771759}"
EndProject
Project("{911E67C6-3D85-4FCE-B560-20A9C3E3FF48}") = "buffer", "Problem2\buffer.exe", "{7381D270-6EC8-4D77-B0A3-107AA3755393}"
	ProjectSection(DebuggerProjectSystem) = preProject
		PortSupplier = 00000000-0000-0000-0000-000000000000
		Executable = C:\Users\ASUS\Desktop\Coding C++\assignment4_231119\Problem2\buffer.exe
		RemoteMachine = YJ
		StartingDirectory = C:\Users\ASUS\Desktop\Coding C++\assignment4_231119\Problem2
		Environment = 默认值
		LaunchingEngine = 00000000-0000-0000-0000-000000000000
		UseLegacyDebugEngines = No
		LaunchSQLEngine = No
		AttachLaunchAction = No
		IORedirection = Auto
	EndProjectSection
EndProject
Global
	GlobalSection(SolutionConfigurationPlatforms) = preSolution
		Debug|x64 = Debug|x64
		Debug|x86 = Debug|x86
		Release|x64 = Release|x64
		Release|x86 = Release|x86
	EndGlobalSection
	GlobalSection(ProjectConfigurationPlatforms) = postSolution
		{A1A31FBB-1742-4AD4-98AD-D40E5D771759}.Debug|x64.ActiveCfg = Debug|x64
		{A1A31FBB-1742-4AD4-98AD-D40E5D771759}.Debug|x64.Build.0 = Debug|x64
		{A1A31FBB-1742-4AD4-98AD-D40E5D771759}.Debug|x86.ActiveCfg = Debug|Win32
		{A1A31FBB-1742-4AD4-98AD-D40E5D771759}.Debug|x86.Build.0 = Debug|Win32
		{A1A31FBB-1742-4AD4-98AD-D40E5D771759}.Release|x64.ActiveCfg = Release|x64
		{A1A31FBB-1742-4AD4-98AD-D40E5D771759}.Release|x64.Build.0 = Release|x64
		{A1A31FBB-1742-4AD4-98AD-D40E5D771759}.Release|x86.ActiveCfg = Release|Win32
		{A1A31FBB-1742-4AD4-98AD-D40E5D771759}.Release|x86.Build.0 = Release|Win32
		{7381D270-6EC8-4D77-B0A3-107AA3755393}.Debug|x64.ActiveCfg = Release|x64
		{7381D270-6EC8-4D77-B0A3-107AA3755393}.Debug|x86.ActiveCfg = Release|x64
		{7381D270-6EC8-4D77-B0A3-107AA3755393}.Release|x64.ActiveCfg = Release|x64
		{7381D270-6EC8-4D77-B0A3-107AA3755393}.Release|x86.ActiveCfg = Release|x64
	EndGlobalSection
	GlobalSection(SolutionProperties) = preSolution
		HideSolutionNode = FALSE
	EndGlobalSection
	GlobalSection(ExtensibilityGlobals) = postSolution
		SolutionGuid = {06D3221F-EC4C-4B4E-9341-3757B33B7E85}
	EndGlobalSection
EndGlobal
